{
  "name": "test",
  "version": "1.0.0",
  "lockfileVersion": 3,
  "requires": true,
  "packages": {
    "": {
      "name": "test",
      "version": "1.0.0",
      "license": "ISC",
      "dependencies": {
        "@protobuf-ts/plugin": "^2.9.5"
      },
      "devDependencies": {
        "@types/node": "^20.11.30",
        "typescript": "^5.8.2"
      }
    },
    "node_modules/@protobuf-ts/plugin": {
      "version": "2.9.5",
      "resolved": "https://registry.npmjs.org/@protobuf-ts/plugin/-/plugin-2.9.5.tgz",
      "integrity": "sha512-KCzNRTFye837XdfPjS85gGzxgPGVDR3W8Px2G3etXuouNog9W+Cr+U0IBTFADrRWXC2x+OSNjXxrdZEiw+H5Cw==",
      "dependencies": {
        "@protobuf-ts/plugin-framework": "^2.9.5",
        "@protobuf-ts/protoc": "^2.9.5",
        "@protobuf-ts/runtime": "^2.9.5",
        "@protobuf-ts/runtime-rpc": "^2.9.5",
        "typescript": "^3.9"
      },
      "bin": {
        "protoc-gen-dump": "bin/protoc-gen-dump",
        "protoc-gen-ts": "bin/protoc-gen-ts"
      }
    },
    "node_modules/@protobuf-ts/plugin-framework": {
      "version": "2.9.5",
      "resolved": "https://registry.npmjs.org/@protobuf-ts/plugin-framework/-/plugin-framework-2.9.5.tgz",
      "integrity": "sha512-DYNQ8Ga3xwPZMfaZGRCnDOcEdQZK9MorTXngVoFLnHWEE8zLhUjFVtdkChZtTih6rl8Z6akyA7hRgj/GrJF58Q==",
      "dependencies": {
        "@protobuf-ts/runtime": "^2.9.5",
        "typescript": "^3.9"
      }
    },
    "node_modules/@protobuf-ts/plugin-framework/node_modules/typescript": {
      "version": "3.9.10",
      "resolved": "https://registry.npmjs.org/typescript/-/typescript-3.9.10.tgz",
      "integrity": "sha512-w6fIxVE/H1PkLKcCPsFqKE7Kv7QUwhU8qQY2MueZXWx5cPZdwFupLgKK3vntcK98BtNHZtAF4LA/yl2a7k8R6Q==",
      "bin": {
        "tsc": "bin/tsc",
        "tsserver": "bin/tsserver"
      },
      "engines": {
        "node": ">=4.2.0"
      }
    },
    "node_modules/@protobuf-ts/plugin/node_modules/typescript": {
      "version": "3.9.10",
      "resolved": "https://registry.npmjs.org/typescript/-/typescript-3.9.10.tgz",
      "integrity": "sha512-w6fIxVE/H1PkLKcCPsFqKE7Kv7QUwhU8qQY2MueZXWx5cPZdwFupLgKK3vntcK98BtNHZtAF4LA/yl2a7k8R6Q==",
      "bin": {
        "tsc": "bin/tsc",
        "tsserver": "bin/tsserver"
      },
      "engines": {
        "node": ">=4.2.0"
      }
    },
    "node_modules/@protobuf-ts/protoc": {
      "version": "2.9.5",
      "resolved": "https://registry.npmjs.org/@protobuf-ts/protoc/-/protoc-2.9.5.tgz",
      "integrity": "sha512-n6a7OHfr/Ubw483L6kNJB0wBCe/Ops0A652zB6J6nR2x1o+pjVFrMCeeQQsqxkYpQwQ8FCIETSxrMpfOBKTIvQ==",
      "bin": {
        "protoc": "protoc.js"
      }
    },
    "node_modules/@protobuf-ts/runtime": {
      "version": "2.9.5",
      "resolved": "https://registry.npmjs.org/@protobuf-ts/runtime/-/runtime-2.9.5.tgz",
      "integrity": "sha512-SsumigRe3IqNTCQvVZUqDQExsKF72eyAMiWlYb5Jwj3eU4z8UH7JLlSfb/Wjidz4b/chTN6zh5AXBSKl0Asm3A=="
    },
    "node_modules/@protobuf-ts/runtime-rpc": {
      "version": "2.9.5",
      "resolved": "https://registry.npmjs.org/@protobuf-ts/runtime-rpc/-/runtime-rpc-2.9.5.tgz",
      "integrity": "sha512-NWAb1TaV4CR+BknZr1WRVT5Ws2AupVwGgRNes4oPAFrgLNXQotDFl2E6pmsjPwME8sAgJVzeSr7bUqQVyoAK2A==",
      "dependencies": {
        "@protobuf-ts/runtime": "^2.9.5"
      }
    },
    "node_modules/@types/node": {
      "version": "20.17.24",
      "resolved": "https://registry.npmjs.org/@types/node/-/node-20.17.24.tgz",
      "integrity": "sha512-d7fGCyB96w9BnWQrOsJtpyiSaBcAYYr75bnK6ZRjDbql2cGLj/3GsL5OYmLPNq76l7Gf2q4Rv9J2o6h5CrD9sA==",
      "dev": true,
      "dependencies": {
        "undici-types": "~6.19.2"
      }
    },
    "node_modules/typescript": {
      "version": "5.8.2",
      "resolved": "https://registry.npmjs.org/typescript/-/typescript-5.8.2.tgz",
      "integrity": "sha512-aJn6wq13/afZp/jT9QZmwEjDqqvSGp1VT5GVg+f/t6/oVyrgXM6BY1h9BRh/O5p3PlUPAe+WuiEZOmb/49RqoQ==",
      "dev": true,
      "bin": {
        "tsc": "bin/tsc",
        "tsserver": "bin/tsserver"
      },
      "engines": {
        "node": ">=14.17"
      }
    },
    "node_modules/undici-types": {
      "version": "6.19.8",
      "resolved": "https://registry.npmjs.org/undici-types/-/undici-types-6.19.8.tgz",
      "integrity": "sha512-ve2KP6f/JnbPBFyobGHuerC9g1FYGn/F8n1LWTwNxCEzd6IfqTwUQcNXgEtmmQ6DlRrC1hrSrBnCZPokRrDHjw==",
      "dev": true
    }
  }
}
