{
  "name": "eqgo",
  "version": "1.0.0",
  "lockfileVersion": 3,
  "requires": true,
  "packages": {
    "": {
      "name": "eqgo",
      "version": "1.0.0",
      "license": "ISC",
      "devDependencies": {
        "capnp-es": "^0.0.9"
      }
    },
    "node_modules/capnp-es": {
      "version": "0.0.9",
      "resolved": "https://registry.npmjs.org/capnp-es/-/capnp-es-0.0.9.tgz",
      "integrity": "sha512-7koFtiNT/JfNcEapwb+4vFrbr0uzTityZ0Gnmt1G0kGE8agq31pIalw+vc0lYvMCEdBuBBLpxSs94AdqF4n/cw==",
      "dev": true,
      "bin": {
        "capnp-es": "dist/compiler/main.mjs"
      },
      "peerDependencies": {
        "typescript": "^5.7.3"
      },
      "peerDependenciesMeta": {
        "typescript": {
          "optional": true
        }
      }
    }
  }
}
